
Microsoft Visual Studio Solution File, Format Version 12.00
# Visual Studio 15
VisualStudioVersion = 15.0.27428.2027
MinimumVisualStudioVersion = 10.0.40219.1
Project("{FAE04EC0-301F-11D3-BF4B-00C04F79EFBC}") = "DesignPatterns.Behavioral.Iterator", "DesignPatterns.Behavioral.Iterator\DesignPatterns.Behavioral.Iterator\DesignPatterns.Behavioral.Iterator.csproj", "{81465582-5A78-4857-A408-D3BEE674D509}"
EndProject
Project("{FAE04EC0-301F-11D3-BF4B-00C04F79EFBC}") = "DesignPatterns.Behavioral.Strategy", "DesignPatterns.Behavioral.Strategy\DesignPatterns.Behavioral.Strategy\DesignPatterns.Behavioral.Strategy.csproj", "{80E4397A-5DCC-4D15-BC78-873A32B911D9}"
EndProject
Project("{FAE04EC0-301F-11D3-BF4B-00C04F79EFBC}") = "DesignPatterns.Creational.AbstractFactory", "DesignPatterns.Creational.AbstractFactory\DesignPatterns.Creational.AbstractFactory\DesignPatterns.Creational.AbstractFactory.csproj", "{A0E9178B-337E-4241-9D0E-551AF8692430}"
EndProject
Project("{FAE04EC0-301F-11D3-BF4B-00C04F79EFBC}") = "DesignPatterns.Creational.FactoryMethod", "DesignPatterns.Creational.FactoryMethod\DesignPatterns.Creational.FactoryMethod\DesignPatterns.Creational.FactoryMethod.csproj", "{2E697DFA-205D-4B08-8E69-A2E30A8D0670}"
EndProject
Project("{FAE04EC0-301F-11D3-BF4B-00C04F79EFBC}") = "DesignPatterns.Structural.Proxy", "DesignPatterns.Structural.Proxy\DesignPatterns.Structural.Proxy\DesignPatterns.Structural.Proxy.csproj", "{1C865D01-E661-480E-9AEA-B9818DA6A98C}"
EndProject
Global
	GlobalSection(SolutionConfigurationPlatforms) = preSolution
		Debug|Any CPU = Debug|Any CPU
		Release|Any CPU = Release|Any CPU
	EndGlobalSection
	GlobalSection(ProjectConfigurationPlatforms) = postSolution
		{81465582-5A78-4857-A408-D3BEE674D509}.Debug|Any CPU.ActiveCfg = Debug|Any CPU
		{81465582-5A78-4857-A408-D3BEE674D509}.Debug|Any CPU.Build.0 = Debug|Any CPU
		{81465582-5A78-4857-A408-D3BEE674D509}.Release|Any CPU.ActiveCfg = Release|Any CPU
		{81465582-5A78-4857-A408-D3BEE674D509}.Release|Any CPU.Build.0 = Release|Any CPU
		{80E4397A-5DCC-4D15-BC78-873A32B911D9}.Debug|Any CPU.ActiveCfg = Debug|Any CPU
		{80E4397A-5DCC-4D15-BC78-873A32B911D9}.Debug|Any CPU.Build.0 = Debug|Any CPU
		{80E4397A-5DCC-4D15-BC78-873A32B911D9}.Release|Any CPU.ActiveCfg = Release|Any CPU
		{80E4397A-5DCC-4D15-BC78-873A32B911D9}.Release|Any CPU.Build.0 = Release|Any CPU
		{A0E9178B-337E-4241-9D0E-551AF8692430}.Debug|Any CPU.ActiveCfg = Debug|Any CPU
		{A0E9178B-337E-4241-9D0E-551AF8692430}.Debug|Any CPU.Build.0 = Debug|Any CPU
		{A0E9178B-337E-4241-9D0E-551AF8692430}.Release|Any CPU.ActiveCfg = Release|Any CPU
		{A0E9178B-337E-4241-9D0E-551AF8692430}.Release|Any CPU.Build.0 = Release|Any CPU
		{2E697DFA-205D-4B08-8E69-A2E30A8D0670}.Debug|Any CPU.ActiveCfg = Debug|Any CPU
		{2E697DFA-205D-4B08-8E69-A2E30A8D0670}.Debug|Any CPU.Build.0 = Debug|Any CPU
		{2E697DFA-205D-4B08-8E69-A2E30A8D0670}.Release|Any CPU.ActiveCfg = Release|Any CPU
		{2E697DFA-205D-4B08-8E69-A2E30A8D0670}.Release|Any CPU.Build.0 = Release|Any CPU
		{1C865D01-E661-480E-9AEA-B9818DA6A98C}.Debug|Any CPU.ActiveCfg = Debug|Any CPU
		{1C865D01-E661-480E-9AEA-B9818DA6A98C}.Debug|Any CPU.Build.0 = Debug|Any CPU
		{1C865D01-E661-480E-9AEA-B9818DA6A98C}.Release|Any CPU.ActiveCfg = Release|Any CPU
		{1C865D01-E661-480E-9AEA-B9818DA6A98C}.Release|Any CPU.Build.0 = Release|Any CPU
	EndGlobalSection
	GlobalSection(SolutionProperties) = preSolution
		HideSolutionNode = FALSE
	EndGlobalSection
	GlobalSection(ExtensibilityGlobals) = postSolution
		SolutionGuid = {39A59E62-B4BE-486D-829C-55B6CF4CCBF0}
	EndGlobalSection
EndGlobal
